<?xml version="1.0" encoding="utf-8"?>
<Project ToolsVersion="4.0" xmlns="http://schemas.microsoft.com/developer/msbuild/2003">
  <ItemGroup>
    <Filter Include="Source Files">
      <UniqueIdentifier>{4FC737F1-C7A5-4376-A066-2A32D752A2FF}</UniqueIdentifier>
      <Extensions>cpp;c;cc;cxx;c++;cppm;ixx;def;odl;idl;hpj;bat;asm;asmx</Extensions>
    </Filter>
    <Filter Include="Header Files">
      <UniqueIdentifier>{93995380-89BD-4b04-88EB-625FBE52EBFB}</UniqueIdentifier>
      <Extensions>h;hh;hpp;hxx;h++;hm;inl;inc;ipp;xsd</Extensions>
    </Filter>
    <Filter Include="md5">
      <UniqueIdentifier>{1cbdbcb1-6f19-40be-bdd4-1aa98f09a9d5}</UniqueIdentifier>
    </Filter>
    <Filter Include="loguru">
      <UniqueIdentifier>{3b8775fe-b96b-4b11-963f-38c1e90f0cf1}</UniqueIdentifier>
    </Filter>
    <Filter Include="languages">
      <UniqueIdentifier>{65750931-f84c-4b93-beb3-d6f1bc834495}</UniqueIdentifier>
    </Filter>
    <Filter Include="languages\cpp">
      <UniqueIdentifier>{f26589e9-2877-459b-ad9c-a0fb1cdf90f9}</UniqueIdentifier>
    </Filter>
    <Filter Include="languages\cpp\generated">
      <UniqueIdentifier>{bf32e6c1-42b3-4870-bc88-750ee9905778}</UniqueIdentifier>
    </Filter>
    <Filter Include="languages\c">
      <UniqueIdentifier>{0a81736b-fb1c-43d6-8ccf-fbd6843d35ff}</UniqueIdentifier>
    </Filter>
    <Filter Include="languages\c\generated">
      <UniqueIdentifier>{ff4f66a6-8657-49aa-908a-83ea989eb3a8}</UniqueIdentifier>
    </Filter>
    <Filter Include="languages\py3">
      <UniqueIdentifier>{f9da27aa-dec8-4bcf-b895-99bc7c09fc3b}</UniqueIdentifier>
    </Filter>
    <Filter Include="languages\py3\generated">
      <UniqueIdentifier>{1661daf0-45c9-43db-9314-19e8e620147a}</UniqueIdentifier>
    </Filter>
  </ItemGroup>
  <ItemGroup>
    <ClCompile Include="AbstractSyntaxToHashable.cpp">
      <Filter>Source Files</Filter>
    </ClCompile>
    <ClCompile Include="Node.cpp">
      <Filter>Source Files</Filter>
    </ClCompile>
    <ClCompile Include="SrcMLCaller.cpp">
      <Filter>Source Files</Filter>
    </ClCompile>
    <ClCompile Include="StringStream.cpp">
      <Filter>Source Files</Filter>
    </ClCompile>
    <ClCompile Include="Tag.cpp">
      <Filter>Source Files</Filter>
    </ClCompile>
    <ClCompile Include="XmlParser.cpp">
      <Filter>Source Files</Filter>
    </ClCompile>
    <ClCompile Include="Parser.cpp">
      <Filter>Source Files</Filter>
    </ClCompile>
    <ClCompile Include="md5\md5.cpp">
      <Filter>md5</Filter>
    </ClCompile>
    <ClCompile Include="loguru\loguru.cpp">
      <Filter>loguru</Filter>
    </ClCompile>
    <ClCompile Include="languages\cpp\generated\CPP14Lexer.cpp">
      <Filter>languages\cpp\generated</Filter>
    </ClCompile>
    <ClCompile Include="languages\cpp\generated\CPP14Parser.cpp">
      <Filter>languages\cpp\generated</Filter>
    </ClCompile>
    <ClCompile Include="languages\cpp\generated\CPP14ParserBaseListener.cpp">
      <Filter>languages\cpp\generated</Filter>
    </ClCompile>
    <ClCompile Include="languages\cpp\generated\CPP14ParserListener.cpp">
      <Filter>languages\cpp\generated</Filter>
    </ClCompile>
    <ClCompile Include="languages\cpp\CPP14ParserListenerCustom.cpp">
      <Filter>languages\cpp</Filter>
    </ClCompile>
    <ClCompile Include="antlrParser.cpp">
      <Filter>Source Files</Filter>
    </ClCompile>
    <ClCompile Include="languages\cpp\generated\CPP14ParserVisitor.cpp">
      <Filter>languages\cpp\generated</Filter>
    </ClCompile>
    <ClCompile Include="languages\c\generated\CBaseListener.cpp">
      <Filter>languages\c\generated</Filter>
    </ClCompile>
    <ClCompile Include="languages\c\generated\CBaseVisitor.cpp">
      <Filter>languages\c\generated</Filter>
    </ClCompile>
    <ClCompile Include="languages\c\generated\CLexer.cpp">
      <Filter>languages\c\generated</Filter>
    </ClCompile>
    <ClCompile Include="languages\c\generated\CListener.cpp">
      <Filter>languages\c\generated</Filter>
    </ClCompile>
    <ClCompile Include="languages\c\generated\CParser.cpp">
      <Filter>languages\c\generated</Filter>
    </ClCompile>
    <ClCompile Include="languages\c\generated\CVisitor.cpp">
      <Filter>languages\c\generated</Filter>
    </ClCompile>
    <ClCompile Include="languages\c\CParserListenerCustom.cpp">
      <Filter>languages\c</Filter>
    </ClCompile>
    <ClCompile Include="languages\py3\Python3ParserListenerCustom.cpp">
      <Filter>languages\py3</Filter>
    </ClCompile>
    <ClCompile Include="languages\py3\generated\Python3BaseListener.cpp">
      <Filter>languages\py3\generated</Filter>
    </ClCompile>
    <ClCompile Include="languages\py3\generated\Python3BaseVisitor.cpp">
      <Filter>languages\py3\generated</Filter>
    </ClCompile>
    <ClCompile Include="languages\py3\generated\Python3Lexer.cpp">
      <Filter>languages\py3\generated</Filter>
    </ClCompile>
    <ClCompile Include="languages\py3\generated\Python3Listener.cpp">
      <Filter>languages\py3\generated</Filter>
    </ClCompile>
    <ClCompile Include="languages\py3\generated\Python3Parser.cpp">
      <Filter>languages\py3\generated</Filter>
    </ClCompile>
    <ClCompile Include="languages\py3\generated\Python3Visitor.cpp">
      <Filter>languages\py3\generated</Filter>
    </ClCompile>
    <ClCompile Include="Logger.cpp">
      <Filter>Source Files</Filter>
    </ClCompile>
  </ItemGroup>
  <ItemGroup>
    <ClInclude Include="Node.h">
      <Filter>Header Files</Filter>
    </ClInclude>
    <ClInclude Include="StringStream.h">
      <Filter>Header Files</Filter>
    </ClInclude>
    <ClInclude Include="AbstractSyntaxToHashable.h">
      <Filter>Header Files</Filter>
    </ClInclude>
    <ClInclude Include="SrcMLCaller.h">
      <Filter>Header Files</Filter>
    </ClInclude>
    <ClInclude Include="XmlParser.h">
      <Filter>Header Files</Filter>
    </ClInclude>
    <ClInclude Include="Tag.h">
      <Filter>Header Files</Filter>
    </ClInclude>
    <ClInclude Include="Parser.h">
      <Filter>Header Files</Filter>
    </ClInclude>
    <ClInclude Include="HashData.h">
      <Filter>Header Files</Filter>
    </ClInclude>
    <ClInclude Include="md5\md5.h">
      <Filter>md5</Filter>
    </ClInclude>
    <ClInclude Include="loguru\loguru.hpp">
      <Filter>loguru</Filter>
    </ClInclude>
    <ClInclude Include="languages\cpp\generated\CPP14Lexer.h">
      <Filter>languages\cpp\generated</Filter>
    </ClInclude>
    <ClInclude Include="languages\cpp\generated\CPP14Parser.h">
      <Filter>languages\cpp\generated</Filter>
    </ClInclude>
    <ClInclude Include="languages\cpp\generated\CPP14ParserBaseListener.h">
      <Filter>languages\cpp\generated</Filter>
    </ClInclude>
    <ClInclude Include="languages\cpp\generated\CPP14ParserListener.h">
      <Filter>languages\cpp\generated</Filter>
    </ClInclude>
    <ClInclude Include="languages\cpp\CPP14ParserListenerCustom.h">
      <Filter>languages\cpp</Filter>
    </ClInclude>
    <ClInclude Include="antlrParser.h">
      <Filter>Header Files</Filter>
    </ClInclude>
    <ClInclude Include="languages\cpp\generated\CPP14ParserVisitor.h">
      <Filter>languages\cpp\generated</Filter>
    </ClInclude>
    <ClInclude Include="languages\c\generated\CBaseListener.h">
      <Filter>languages\c\generated</Filter>
    </ClInclude>
    <ClInclude Include="languages\c\generated\CBaseVisitor.h">
      <Filter>languages\c\generated</Filter>
    </ClInclude>
    <ClInclude Include="languages\c\generated\CLexer.h">
      <Filter>languages\c\generated</Filter>
    </ClInclude>
    <ClInclude Include="languages\c\generated\CListener.h">
      <Filter>languages\c\generated</Filter>
    </ClInclude>
    <ClInclude Include="languages\c\generated\CParser.h">
      <Filter>languages\c\generated</Filter>
    </ClInclude>
    <ClInclude Include="languages\c\generated\CVisitor.h">
      <Filter>languages\c\generated</Filter>
    </ClInclude>
    <ClInclude Include="languages\c\CParserListenerCustom.h">
      <Filter>languages\c</Filter>
    </ClInclude>
    <ClInclude Include="languages\LanguageBase.h">
      <Filter>languages</Filter>
    </ClInclude>
    <ClInclude Include="languages\c\CAntlrImplementation.h">
      <Filter>languages\c</Filter>
    </ClInclude>
    <ClInclude Include="languages\cpp\CPP14AntlrImplemenation.h">
      <Filter>languages\cpp</Filter>
    </ClInclude>
    <ClInclude Include="languages\py3\Python3AntlrImplemenation.h">
      <Filter>languages\py3</Filter>
    </ClInclude>
    <ClInclude Include="languages\py3\Python3ParserListenerCustom.h">
      <Filter>languages\py3</Filter>
    </ClInclude>
    <ClInclude Include="languages\py3\generated\Python3BaseListener.h">
      <Filter>languages\py3\generated</Filter>
    </ClInclude>
    <ClInclude Include="languages\py3\generated\Python3BaseVisitor.h">
      <Filter>languages\py3\generated</Filter>
    </ClInclude>
    <ClInclude Include="languages\py3\generated\Python3Lexer.h">
      <Filter>languages\py3\generated</Filter>
    </ClInclude>
    <ClInclude Include="languages\py3\generated\Python3Listener.h">
      <Filter>languages\py3\generated</Filter>
    </ClInclude>
    <ClInclude Include="languages\py3\generated\Python3Parser.h">
      <Filter>languages\py3\generated</Filter>
    </ClInclude>
    <ClInclude Include="languages\py3\generated\Python3Visitor.h">
      <Filter>languages\py3\generated</Filter>
    </ClInclude>
    <ClInclude Include="Logger.h">
      <Filter>Header Files</Filter>
    </ClInclude>
  </ItemGroup>
</Project>