<?xml version="1.0" encoding="utf-8"?>
<Project ToolsVersion="4.0" xmlns="http://schemas.microsoft.com/developer/msbuild/2003">
  <ItemGroup>
    <Filter Include="Source Files">
      <UniqueIdentifier>{4FC737F1-C7A5-4376-A066-2A32D752A2FF}</UniqueIdentifier>
      <Extensions>cpp;c;cc;cxx;c++;cppm;ixx;def;odl;idl;hpj;bat;asm;asmx</Extensions>
    </Filter>
    <Filter Include="Header Files">
      <UniqueIdentifier>{93995380-89BD-4b04-88EB-625FBE52EBFB}</UniqueIdentifier>
      <Extensions>h;hh;hpp;hxx;h++;hm;inl;inc;ipp;xsd</Extensions>
    </Filter>
    <Filter Include="loguru">
      <UniqueIdentifier>{3b8775fe-b96b-4b11-963f-38c1e90f0cf1}</UniqueIdentifier>
    </Filter>
    <Filter Include="languages">
      <UniqueIdentifier>{65750931-f84c-4b93-beb3-d6f1bc834495}</UniqueIdentifier>
    </Filter>
    <Filter Include="languages\py3">
      <UniqueIdentifier>{f9da27aa-dec8-4bcf-b895-99bc7c09fc3b}</UniqueIdentifier>
    </Filter>
    <Filter Include="languages\py3\generated">
      <UniqueIdentifier>{1661daf0-45c9-43db-9314-19e8e620147a}</UniqueIdentifier>
    </Filter>
    <Filter Include="languages\js">
      <UniqueIdentifier>{71deff34-7b57-4f30-be08-ae00f6321665}</UniqueIdentifier>
    </Filter>
    <Filter Include="languages\js\generated">
      <UniqueIdentifier>{742f4009-ce7c-45cd-ba42-2a6da27a1547}</UniqueIdentifier>
    </Filter>
    <Filter Include="Source Files\md5">
      <UniqueIdentifier>{1cbdbcb1-6f19-40be-bdd4-1aa98f09a9d5}</UniqueIdentifier>
    </Filter>
  </ItemGroup>
  <ItemGroup>
    <ClCompile Include="..\libSearchSECOParser\AbstractSyntaxToHashable.cpp">
      <Filter>Source Files</Filter>
    </ClCompile>
    <ClCompile Include="..\libSearchSECOParser\Node.cpp">
      <Filter>Source Files</Filter>
    </ClCompile>
    <ClCompile Include="..\libSearchSECOParser\SrcMLCaller.cpp">
      <Filter>Source Files</Filter>
    </ClCompile>
    <ClCompile Include="..\libSearchSECOParser\StringStream.cpp">
      <Filter>Source Files</Filter>
    </ClCompile>
    <ClCompile Include="..\libSearchSECOParser\Tag.cpp">
      <Filter>Source Files</Filter>
    </ClCompile>
    <ClCompile Include="..\libSearchSECOParser\XmlParser.cpp">
      <Filter>Source Files</Filter>
    </ClCompile>
    <ClCompile Include="..\libSearchSECOParser\Parser.cpp">
      <Filter>Source Files</Filter>
    </ClCompile>
    <ClCompile Include="..\libSearchSECOParser\md5\md5.cpp">
      <Filter>Source Files\md5</Filter>
    </ClCompile>
    <ClCompile Include="..\libSearchSECOParser\loguru\loguru.cpp">
      <Filter>loguru</Filter>
    </ClCompile>
    <ClCompile Include="..\libSearchSECOParser\antlrParser.cpp">
      <Filter>Source Files</Filter>
    </ClCompile>
    <ClCompile Include="..\libSearchSECOParser\languages\py3\Python3ParserListenerCustom.cpp">
      <Filter>languages\py3</Filter>
    </ClCompile>
    <ClCompile Include="..\libSearchSECOParser\languages\py3\generated\Python3BaseListener.cpp">
      <Filter>languages\py3\generated</Filter>
    </ClCompile>
    <ClCompile Include="..\libSearchSECOParser\languages\py3\generated\Python3BaseVisitor.cpp">
      <Filter>languages\py3\generated</Filter>
    </ClCompile>
    <ClCompile Include="..\libSearchSECOParser\languages\py3\generated\Python3Lexer.cpp">
      <Filter>languages\py3\generated</Filter>
    </ClCompile>
    <ClCompile Include="..\libSearchSECOParser\languages\py3\generated\Python3Listener.cpp">
      <Filter>languages\py3\generated</Filter>
    </ClCompile>
    <ClCompile Include="..\libSearchSECOParser\languages\py3\generated\Python3Parser.cpp">
      <Filter>languages\py3\generated</Filter>
    </ClCompile>
    <ClCompile Include="..\libSearchSECOParser\languages\py3\generated\Python3Visitor.cpp">
      <Filter>languages\py3\generated</Filter>
    </ClCompile>
    <ClCompile Include="..\libSearchSECOParser\Logger.cpp">
      <Filter>Source Files</Filter>
    </ClCompile>
    <ClCompile Include="..\libSearchSECOParser\languages\js\JavaScriptParserListenerCustom.cpp">
      <Filter>languages\js</Filter>
    </ClCompile>
    <ClCompile Include="..\libSearchSECOParser\languages\js\generated\JavaScriptLexer.cpp">
      <Filter>languages\js\generated</Filter>
    </ClCompile>
    <ClCompile Include="..\libSearchSECOParser\languages\js\generated\JavaScriptParser.cpp">
      <Filter>languages\js\generated</Filter>
    </ClCompile>
    <ClCompile Include="..\libSearchSECOParser\languages\js\generated\JavaScriptParserBaseListener.cpp">
      <Filter>languages\js\generated</Filter>
    </ClCompile>
    <ClCompile Include="..\libSearchSECOParser\languages\js\generated\JavaScriptParserBaseVisitor.cpp">
      <Filter>languages\js\generated</Filter>
    </ClCompile>
    <ClCompile Include="..\libSearchSECOParser\languages\js\generated\JavaScriptParserListener.cpp">
      <Filter>languages\js\generated</Filter>
    </ClCompile>
    <ClCompile Include="..\libSearchSECOParser\languages\js\generated\JavaScriptParserVisitor.cpp">
      <Filter>languages\js\generated</Filter>
    </ClCompile>
    <ClCompile Include="..\libSearchSECOParser\languages\js\generated\JavaScriptLexerBase.cpp">
      <Filter>languages\js\generated</Filter>
    </ClCompile>
    <ClCompile Include="..\libSearchSECOParser\languages\js\generated\JavaScriptParserBase.cpp">
      <Filter>languages\js\generated</Filter>
    </ClCompile>
  </ItemGroup>
  <ItemGroup>
    <ClInclude Include="..\libSearchSECOParser\Node.h">
      <Filter>Header Files</Filter>
    </ClInclude>
    <ClInclude Include="..\libSearchSECOParser\StringStream.h">
      <Filter>Header Files</Filter>
    </ClInclude>
    <ClInclude Include="..\libSearchSECOParser\AbstractSyntaxToHashable.h">
      <Filter>Header Files</Filter>
    </ClInclude>
    <ClInclude Include="..\libSearchSECOParser\SrcMLCaller.h">
      <Filter>Header Files</Filter>
    </ClInclude>
    <ClInclude Include="..\libSearchSECOParser\XmlParser.h">
      <Filter>Header Files</Filter>
    </ClInclude>
    <ClInclude Include="..\libSearchSECOParser\Tag.h">
      <Filter>Header Files</Filter>
    </ClInclude>
    <ClInclude Include="..\libSearchSECOParser\Parser.h">
      <Filter>Header Files</Filter>
    </ClInclude>
    <ClInclude Include="..\libSearchSECOParser\HashData.h">
      <Filter>Header Files</Filter>
    </ClInclude>
    <ClInclude Include="..\libSearchSECOParser\md5\md5.h">
      <Filter>Source Files\md5</Filter>
    </ClInclude>
    <ClInclude Include="..\libSearchSECOParser\loguru\loguru.hpp">
      <Filter>loguru</Filter>
    </ClInclude>
    <ClInclude Include="..\libSearchSECOParser\antlrParser.h">
      <Filter>Header Files</Filter>
    </ClInclude>
    <ClInclude Include="..\libSearchSECOParser\languages\LanguageBase.h">
      <Filter>languages</Filter>
    </ClInclude>
    <ClInclude Include="..\libSearchSECOParser\languages\py3\Python3ParserListenerCustom.h">
      <Filter>languages\py3</Filter>
    </ClInclude>
    <ClInclude Include="..\libSearchSECOParser\languages\py3\generated\Python3BaseListener.h">
      <Filter>languages\py3\generated</Filter>
    </ClInclude>
    <ClInclude Include="..\libSearchSECOParser\languages\py3\generated\Python3BaseVisitor.h">
      <Filter>languages\py3\generated</Filter>
    </ClInclude>
    <ClInclude Include="..\libSearchSECOParser\languages\py3\generated\Python3Lexer.h">
      <Filter>languages\py3\generated</Filter>
    </ClInclude>
    <ClInclude Include="..\libSearchSECOParser\languages\py3\generated\Python3Listener.h">
      <Filter>languages\py3\generated</Filter>
    </ClInclude>
    <ClInclude Include="..\libSearchSECOParser\languages\py3\generated\Python3Parser.h">
      <Filter>languages\py3\generated</Filter>
    </ClInclude>
    <ClInclude Include="..\libSearchSECOParser\languages\py3\generated\Python3Visitor.h">
      <Filter>languages\py3\generated</Filter>
    </ClInclude>
    <ClInclude Include="..\libSearchSECOParser\Logger.h">
      <Filter>Header Files</Filter>
    </ClInclude>
    <ClInclude Include="..\libSearchSECOParser\languages\py3\Python3AntlrImplementation.h">
      <Filter>languages\py3</Filter>
    </ClInclude>
    <ClInclude Include="..\libSearchSECOParser\languages\js\JavaScriptAntlrImplementation.h">
      <Filter>languages\js</Filter>
    </ClInclude>
    <ClInclude Include="..\libSearchSECOParser\languages\js\JavaScriptParserListenerCustom.h">
      <Filter>languages\js</Filter>
    </ClInclude>
    <ClInclude Include="..\libSearchSECOParser\languages\js\generated\JavaScriptLexer.h">
      <Filter>languages\js\generated</Filter>
    </ClInclude>
    <ClInclude Include="..\libSearchSECOParser\languages\js\generated\JavaScriptParser.h">
      <Filter>languages\js\generated</Filter>
    </ClInclude>
    <ClInclude Include="..\libSearchSECOParser\languages\js\generated\JavaScriptParserBaseListener.h">
      <Filter>languages\js\generated</Filter>
    </ClInclude>
    <ClInclude Include="..\libSearchSECOParser\languages\js\generated\JavaScriptParserBaseVisitor.h">
      <Filter>languages\js\generated</Filter>
    </ClInclude>
    <ClInclude Include="..\libSearchSECOParser\languages\js\generated\JavaScriptParserListener.h">
      <Filter>languages\js\generated</Filter>
    </ClInclude>
    <ClInclude Include="..\libSearchSECOParser\languages\js\generated\JavaScriptParserVisitor.h">
      <Filter>languages\js\generated</Filter>
    </ClInclude>
    <ClInclude Include="..\libSearchSECOParser\languages\js\generated\JavaScriptLexerBase.h">
      <Filter>languages\js\generated</Filter>
    </ClInclude>
    <ClInclude Include="..\libSearchSECOParser\languages\js\generated\JavaScriptParserBase.h">
      <Filter>languages\js\generated</Filter>
    </ClInclude>
  </ItemGroup>
</Project>